
Microsoft Visual Studio Solution File, Format Version 12.00
# Visual Studio Version 16
VisualStudioVersion = 16.0.30406.217
MinimumVisualStudioVersion = 10.0.40219.1
Project("{FAE04EC0-301F-11D3-BF4B-00C04F79EFBC}") = "TenantSuite", "TenantSuite\TenantSuite.csproj", "{641A91A0-8889-430C-A317-EEF13F73505F}"
EndProject
Global
	GlobalSection(SolutionConfigurationPlatforms) = preSolution
		Debug|Any CPU = Debug|Any CPU
		Release|Any CPU = Release|Any CPU
	EndGlobalSection
	GlobalSection(ProjectConfigurationPlatforms) = postSolution
		{641A91A0-8889-430C-A317-EEF13F73505F}.Debug|Any CPU.ActiveCfg = Debug|Any CPU
		{641A91A0-8889-430C-A317-EEF13F73505F}.Debug|Any CPU.Build.0 = Debug|Any CPU
		{641A91A0-8889-430C-A317-EEF13F73505F}.Release|Any CPU.ActiveCfg = Release|Any CPU
		{641A91A0-8889-430C-A317-EEF13F73505F}.Release|Any CPU.Build.0 = Release|Any CPU
	EndGlobalSection
	GlobalSection(SolutionProperties) = preSolution
		HideSolutionNode = FALSE
	EndGlobalSection
	GlobalSection(ExtensibilityGlobals) = postSolution
		SolutionGuid = {BFA902CF-6FBA-4BF6-B34C-66B4E6BEA8A1}
	EndGlobalSection
EndGlobal
